
Microsoft Visual Studio Solution File, Format Version 12.00
# Visual Studio Version 17
VisualStudioVersion = 17.9.34622.214
MinimumVisualStudioVersion = 10.0.40219.1
Project("{E53339B2-1760-4266-BCC7-CA923CBCF16C}") = "docker-compose", "docker-compose.dcproj", "{E61AFB05-39F8-4A9B-B9E3-1960E9A77A3D}"
EndProject
Project("{2150E333-8FDC-42A3-9474-1A3956D46DE8}") = "Services", "Services", "{57CC09C1-AE23-481F-8D7C-B40BFE18B5D1}"
EndProject
Project("{9A19103F-16F7-4668-BE54-9A1E7A4F7556}") = "Financial", "Financial\Financial.csproj", "{67F732B4-3005-45DC-95BA-7EAABD57648E}"
EndProject
Project("{9A19103F-16F7-4668-BE54-9A1E7A4F7556}") = "Financial.Application", "Financial.App\Financial.Application.csproj", "{2DBFEB19-7960-4F13-9BB1-01CA97999443}"
EndProject
Project("{9A19103F-16F7-4668-BE54-9A1E7A4F7556}") = "Financial.Infrastructure", "Financial.Infrastructure\Financial.Infrastructure.csproj", "{BDDD68C8-044D-48A6-983A-FEBEC99F8875}"
EndProject
Project("{9A19103F-16F7-4668-BE54-9A1E7A4F7556}") = "Financial.Domain", "Financial.Domain\Financial.Domain.csproj", "{4B1F8867-730F-40FF-A33A-20BB8347F92A}"
EndProject
Project("{2150E333-8FDC-42A3-9474-1A3956D46DE8}") = "FinancialService", "FinancialService", "{03845A78-A6F8-4B1D-81AF-031E744DAD66}"
EndProject
Project("{2150E333-8FDC-42A3-9474-1A3956D46DE8}") = "IdentityService", "IdentityService", "{A54C8372-6EBD-4869-9BDB-9ED8E515E75E}"
EndProject
Project("{9A19103F-16F7-4668-BE54-9A1E7A4F7556}") = "Identity", "Identity\Identity.csproj", "{C45D56EF-FD39-46A0-8BBC-A8B56AFDC7EF}"
EndProject
Project("{9A19103F-16F7-4668-BE54-9A1E7A4F7556}") = "Identity.Application", "Identity.App\Identity.Application.csproj", "{9245F71D-30AE-4C54-AB32-145459A14672}"
EndProject
Project("{9A19103F-16F7-4668-BE54-9A1E7A4F7556}") = "Identity.Domain", "Identity.Domain\Identity.Domain.csproj", "{C4C0E626-92B8-4363-A229-8D118849708D}"
EndProject
Project("{9A19103F-16F7-4668-BE54-9A1E7A4F7556}") = "Identity.Infrastructure", "Identity.Infrastructure\Identity.Infrastructure.csproj", "{8461583E-98E4-4C38-ABA1-A85B36C61932}"
EndProject
Project("{2150E333-8FDC-42A3-9474-1A3956D46DE8}") = "InfrastructuresService", "InfrastructuresService", "{C5A40184-8243-4035-BD0B-24E4A9457E47}"
EndProject
Project("{9A19103F-16F7-4668-BE54-9A1E7A4F7556}") = "Infrastructures", "Infrastructures\Infrastructures.csproj", "{379CF72F-A918-4698-B23A-80F53B216F67}"
EndProject
Project("{9A19103F-16F7-4668-BE54-9A1E7A4F7556}") = "Infrastructures.Application", "Infrastructures.App\Infrastructures.Application.csproj", "{4DB0A11A-C754-4247-9EC9-BF294A9E2529}"
EndProject
Project("{9A19103F-16F7-4668-BE54-9A1E7A4F7556}") = "Infrastructures.Domain", "Infrastructures.Domain\Infrastructures.Domain.csproj", "{CD0692DB-26A2-463F-8254-60D8B94A8875}"
EndProject
Project("{9A19103F-16F7-4668-BE54-9A1E7A4F7556}") = "Infrastructures.Infrastructure", "Infrastructures.Infrastructure\Infrastructures.Infrastructure.csproj", "{4F6A9669-AA13-473D-BB25-1A5703FDFDA5}"
EndProject
Project("{2150E333-8FDC-42A3-9474-1A3956D46DE8}") = "MembersTeams", "MembersTeams", "{9BD942CF-9FA9-4B2C-ACEA-8FF258E6A250}"
EndProject
Project("{9A19103F-16F7-4668-BE54-9A1E7A4F7556}") = "MembersTeams", "MembersTeams\MembersTeams.csproj", "{F7E0F2BA-D346-43C4-94D5-9E4FD5F0D74E}"
EndProject
Project("{9A19103F-16F7-4668-BE54-9A1E7A4F7556}") = "MembersTeams.Application", "MembersTeams.App\MembersTeams.Application.csproj", "{716E4601-3791-4AB1-84C4-C5AD1C98B24D}"
EndProject
Project("{9A19103F-16F7-4668-BE54-9A1E7A4F7556}") = "MembersTeams.Domain", "MembersTeams.Domain\MembersTeams.Domain.csproj", "{76AD4945-00F1-4DBE-BC6C-CEF6414C7E28}"
EndProject
Project("{9A19103F-16F7-4668-BE54-9A1E7A4F7556}") = "MembersTeams.Infrastructure", "MembersTeams.Infrastructure\MembersTeams.Infrastructure.csproj", "{3F07F35E-4980-442B-AE29-E56980DC1C58}"
EndProject
Project("{2150E333-8FDC-42A3-9474-1A3956D46DE8}") = "TrainingCompetitionService", "TrainingCompetitionService", "{B3A3C855-F37D-4AFE-9E9A-9F1FE43D6FE8}"
EndProject
Project("{9A19103F-16F7-4668-BE54-9A1E7A4F7556}") = "TrainingCompetition", "TrainingCompetition\TrainingCompetition.csproj", "{3664AF2B-B877-4DA8-8E6C-785C6F8A3F76}"
EndProject
Project("{9A19103F-16F7-4668-BE54-9A1E7A4F7556}") = "TrainingCompetition.Application", "TrainingCompetition.App\TrainingCompetition.Application.csproj", "{EE7F286D-1E6B-46CA-8277-4420EE4C8F87}"
EndProject
Project("{9A19103F-16F7-4668-BE54-9A1E7A4F7556}") = "TrainingCompetition.Domain", "TrainingCompetition.Domain\TrainingCompetition.Domain.csproj", "{649D0EA3-30D9-4616-996D-10436DF8DE3A}"
	ProjectSection(ProjectDependencies) = postProject
		{79894C45-F3A1-40B9-8B8B-2149AE7441BC} = {79894C45-F3A1-40B9-8B8B-2149AE7441BC}
	EndProjectSection
EndProject
Project("{9A19103F-16F7-4668-BE54-9A1E7A4F7556}") = "TrainingCompetition.Infrastructure", "TrainingCompetition.Infrastructure\TrainingCompetition.Infrastructure.csproj", "{F7FB93AE-E2E4-41EC-AC65-500591D3203A}"
EndProject
Project("{2150E333-8FDC-42A3-9474-1A3956D46DE8}") = "MessageBroker", "MessageBroker", "{8E225898-70A1-4178-BC70-2346C8422A30}"
EndProject
Project("{9A19103F-16F7-4668-BE54-9A1E7A4F7556}") = "Contracts", "Contracts\Contracts.csproj", "{79894C45-F3A1-40B9-8B8B-2149AE7441BC}"
EndProject
Project("{2150E333-8FDC-42A3-9474-1A3956D46DE8}") = "APIGateway", "APIGateway", "{01667DEB-4954-4E76-ADF3-F7C2D3716242}"
EndProject
Project("{9A19103F-16F7-4668-BE54-9A1E7A4F7556}") = "Gateway", "Gateway\Gateway.csproj", "{F218577F-313C-492E-BA51-C37B8EA789E6}"
EndProject
Global
	GlobalSection(SolutionConfigurationPlatforms) = preSolution
		Debug|Any CPU = Debug|Any CPU
		Release|Any CPU = Release|Any CPU
	EndGlobalSection
	GlobalSection(ProjectConfigurationPlatforms) = postSolution
		{E61AFB05-39F8-4A9B-B9E3-1960E9A77A3D}.Debug|Any CPU.ActiveCfg = Debug|Any CPU
		{E61AFB05-39F8-4A9B-B9E3-1960E9A77A3D}.Debug|Any CPU.Build.0 = Debug|Any CPU
		{E61AFB05-39F8-4A9B-B9E3-1960E9A77A3D}.Release|Any CPU.ActiveCfg = Release|Any CPU
		{E61AFB05-39F8-4A9B-B9E3-1960E9A77A3D}.Release|Any CPU.Build.0 = Release|Any CPU
		{67F732B4-3005-45DC-95BA-7EAABD57648E}.Debug|Any CPU.ActiveCfg = Debug|Any CPU
		{67F732B4-3005-45DC-95BA-7EAABD57648E}.Debug|Any CPU.Build.0 = Debug|Any CPU
		{67F732B4-3005-45DC-95BA-7EAABD57648E}.Release|Any CPU.ActiveCfg = Release|Any CPU
		{67F732B4-3005-45DC-95BA-7EAABD57648E}.Release|Any CPU.Build.0 = Release|Any CPU
		{2DBFEB19-7960-4F13-9BB1-01CA97999443}.Debug|Any CPU.ActiveCfg = Debug|Any CPU
		{2DBFEB19-7960-4F13-9BB1-01CA97999443}.Debug|Any CPU.Build.0 = Debug|Any CPU
		{2DBFEB19-7960-4F13-9BB1-01CA97999443}.Release|Any CPU.ActiveCfg = Release|Any CPU
		{2DBFEB19-7960-4F13-9BB1-01CA97999443}.Release|Any CPU.Build.0 = Release|Any CPU
		{BDDD68C8-044D-48A6-983A-FEBEC99F8875}.Debug|Any CPU.ActiveCfg = Debug|Any CPU
		{BDDD68C8-044D-48A6-983A-FEBEC99F8875}.Debug|Any CPU.Build.0 = Debug|Any CPU
		{BDDD68C8-044D-48A6-983A-FEBEC99F8875}.Release|Any CPU.ActiveCfg = Release|Any CPU
		{BDDD68C8-044D-48A6-983A-FEBEC99F8875}.Release|Any CPU.Build.0 = Release|Any CPU
		{4B1F8867-730F-40FF-A33A-20BB8347F92A}.Debug|Any CPU.ActiveCfg = Debug|Any CPU
		{4B1F8867-730F-40FF-A33A-20BB8347F92A}.Debug|Any CPU.Build.0 = Debug|Any CPU
		{4B1F8867-730F-40FF-A33A-20BB8347F92A}.Release|Any CPU.ActiveCfg = Release|Any CPU
		{4B1F8867-730F-40FF-A33A-20BB8347F92A}.Release|Any CPU.Build.0 = Release|Any CPU
		{C45D56EF-FD39-46A0-8BBC-A8B56AFDC7EF}.Debug|Any CPU.ActiveCfg = Debug|Any CPU
		{C45D56EF-FD39-46A0-8BBC-A8B56AFDC7EF}.Debug|Any CPU.Build.0 = Debug|Any CPU
		{C45D56EF-FD39-46A0-8BBC-A8B56AFDC7EF}.Release|Any CPU.ActiveCfg = Release|Any CPU
		{C45D56EF-FD39-46A0-8BBC-A8B56AFDC7EF}.Release|Any CPU.Build.0 = Release|Any CPU
		{9245F71D-30AE-4C54-AB32-145459A14672}.Debug|Any CPU.ActiveCfg = Debug|Any CPU
		{9245F71D-30AE-4C54-AB32-145459A14672}.Debug|Any CPU.Build.0 = Debug|Any CPU
		{9245F71D-30AE-4C54-AB32-145459A14672}.Release|Any CPU.ActiveCfg = Release|Any CPU
		{9245F71D-30AE-4C54-AB32-145459A14672}.Release|Any CPU.Build.0 = Release|Any CPU
		{C4C0E626-92B8-4363-A229-8D118849708D}.Debug|Any CPU.ActiveCfg = Debug|Any CPU
		{C4C0E626-92B8-4363-A229-8D118849708D}.Debug|Any CPU.Build.0 = Debug|Any CPU
		{C4C0E626-92B8-4363-A229-8D118849708D}.Release|Any CPU.ActiveCfg = Release|Any CPU
		{C4C0E626-92B8-4363-A229-8D118849708D}.Release|Any CPU.Build.0 = Release|Any CPU
		{8461583E-98E4-4C38-ABA1-A85B36C61932}.Debug|Any CPU.ActiveCfg = Debug|Any CPU
		{8461583E-98E4-4C38-ABA1-A85B36C61932}.Debug|Any CPU.Build.0 = Debug|Any CPU
		{8461583E-98E4-4C38-ABA1-A85B36C61932}.Release|Any CPU.ActiveCfg = Release|Any CPU
		{8461583E-98E4-4C38-ABA1-A85B36C61932}.Release|Any CPU.Build.0 = Release|Any CPU
		{379CF72F-A918-4698-B23A-80F53B216F67}.Debug|Any CPU.ActiveCfg = Debug|Any CPU
		{379CF72F-A918-4698-B23A-80F53B216F67}.Debug|Any CPU.Build.0 = Debug|Any CPU
		{379CF72F-A918-4698-B23A-80F53B216F67}.Release|Any CPU.ActiveCfg = Release|Any CPU
		{379CF72F-A918-4698-B23A-80F53B216F67}.Release|Any CPU.Build.0 = Release|Any CPU
		{4DB0A11A-C754-4247-9EC9-BF294A9E2529}.Debug|Any CPU.ActiveCfg = Debug|Any CPU
		{4DB0A11A-C754-4247-9EC9-BF294A9E2529}.Debug|Any CPU.Build.0 = Debug|Any CPU
		{4DB0A11A-C754-4247-9EC9-BF294A9E2529}.Release|Any CPU.ActiveCfg = Release|Any CPU
		{4DB0A11A-C754-4247-9EC9-BF294A9E2529}.Release|Any CPU.Build.0 = Release|Any CPU
		{CD0692DB-26A2-463F-8254-60D8B94A8875}.Debug|Any CPU.ActiveCfg = Debug|Any CPU
		{CD0692DB-26A2-463F-8254-60D8B94A8875}.Debug|Any CPU.Build.0 = Debug|Any CPU
		{CD0692DB-26A2-463F-8254-60D8B94A8875}.Release|Any CPU.ActiveCfg = Release|Any CPU
		{CD0692DB-26A2-463F-8254-60D8B94A8875}.Release|Any CPU.Build.0 = Release|Any CPU
		{4F6A9669-AA13-473D-BB25-1A5703FDFDA5}.Debug|Any CPU.ActiveCfg = Debug|Any CPU
		{4F6A9669-AA13-473D-BB25-1A5703FDFDA5}.Debug|Any CPU.Build.0 = Debug|Any CPU
		{4F6A9669-AA13-473D-BB25-1A5703FDFDA5}.Release|Any CPU.ActiveCfg = Release|Any CPU
		{4F6A9669-AA13-473D-BB25-1A5703FDFDA5}.Release|Any CPU.Build.0 = Release|Any CPU
		{F7E0F2BA-D346-43C4-94D5-9E4FD5F0D74E}.Debug|Any CPU.ActiveCfg = Debug|Any CPU
		{F7E0F2BA-D346-43C4-94D5-9E4FD5F0D74E}.Debug|Any CPU.Build.0 = Debug|Any CPU
		{F7E0F2BA-D346-43C4-94D5-9E4FD5F0D74E}.Release|Any CPU.ActiveCfg = Release|Any CPU
		{F7E0F2BA-D346-43C4-94D5-9E4FD5F0D74E}.Release|Any CPU.Build.0 = Release|Any CPU
		{716E4601-3791-4AB1-84C4-C5AD1C98B24D}.Debug|Any CPU.ActiveCfg = Debug|Any CPU
		{716E4601-3791-4AB1-84C4-C5AD1C98B24D}.Debug|Any CPU.Build.0 = Debug|Any CPU
		{716E4601-3791-4AB1-84C4-C5AD1C98B24D}.Release|Any CPU.ActiveCfg = Release|Any CPU
		{716E4601-3791-4AB1-84C4-C5AD1C98B24D}.Release|Any CPU.Build.0 = Release|Any CPU
		{76AD4945-00F1-4DBE-BC6C-CEF6414C7E28}.Debug|Any CPU.ActiveCfg = Debug|Any CPU
		{76AD4945-00F1-4DBE-BC6C-CEF6414C7E28}.Debug|Any CPU.Build.0 = Debug|Any CPU
		{76AD4945-00F1-4DBE-BC6C-CEF6414C7E28}.Release|Any CPU.ActiveCfg = Release|Any CPU
		{76AD4945-00F1-4DBE-BC6C-CEF6414C7E28}.Release|Any CPU.Build.0 = Release|Any CPU
		{3F07F35E-4980-442B-AE29-E56980DC1C58}.Debug|Any CPU.ActiveCfg = Debug|Any CPU
		{3F07F35E-4980-442B-AE29-E56980DC1C58}.Debug|Any CPU.Build.0 = Debug|Any CPU
		{3F07F35E-4980-442B-AE29-E56980DC1C58}.Release|Any CPU.ActiveCfg = Release|Any CPU
		{3F07F35E-4980-442B-AE29-E56980DC1C58}.Release|Any CPU.Build.0 = Release|Any CPU
		{3664AF2B-B877-4DA8-8E6C-785C6F8A3F76}.Debug|Any CPU.ActiveCfg = Debug|Any CPU
		{3664AF2B-B877-4DA8-8E6C-785C6F8A3F76}.Debug|Any CPU.Build.0 = Debug|Any CPU
		{3664AF2B-B877-4DA8-8E6C-785C6F8A3F76}.Release|Any CPU.ActiveCfg = Release|Any CPU
		{3664AF2B-B877-4DA8-8E6C-785C6F8A3F76}.Release|Any CPU.Build.0 = Release|Any CPU
		{EE7F286D-1E6B-46CA-8277-4420EE4C8F87}.Debug|Any CPU.ActiveCfg = Debug|Any CPU
		{EE7F286D-1E6B-46CA-8277-4420EE4C8F87}.Debug|Any CPU.Build.0 = Debug|Any CPU
		{EE7F286D-1E6B-46CA-8277-4420EE4C8F87}.Release|Any CPU.ActiveCfg = Release|Any CPU
		{EE7F286D-1E6B-46CA-8277-4420EE4C8F87}.Release|Any CPU.Build.0 = Release|Any CPU
		{649D0EA3-30D9-4616-996D-10436DF8DE3A}.Debug|Any CPU.ActiveCfg = Debug|Any CPU
		{649D0EA3-30D9-4616-996D-10436DF8DE3A}.Debug|Any CPU.Build.0 = Debug|Any CPU
		{649D0EA3-30D9-4616-996D-10436DF8DE3A}.Release|Any CPU.ActiveCfg = Release|Any CPU
		{649D0EA3-30D9-4616-996D-10436DF8DE3A}.Release|Any CPU.Build.0 = Release|Any CPU
		{F7FB93AE-E2E4-41EC-AC65-500591D3203A}.Debug|Any CPU.ActiveCfg = Debug|Any CPU
		{F7FB93AE-E2E4-41EC-AC65-500591D3203A}.Debug|Any CPU.Build.0 = Debug|Any CPU
		{F7FB93AE-E2E4-41EC-AC65-500591D3203A}.Release|Any CPU.ActiveCfg = Release|Any CPU
		{F7FB93AE-E2E4-41EC-AC65-500591D3203A}.Release|Any CPU.Build.0 = Release|Any CPU
		{79894C45-F3A1-40B9-8B8B-2149AE7441BC}.Debug|Any CPU.ActiveCfg = Debug|Any CPU
		{79894C45-F3A1-40B9-8B8B-2149AE7441BC}.Debug|Any CPU.Build.0 = Debug|Any CPU
		{79894C45-F3A1-40B9-8B8B-2149AE7441BC}.Release|Any CPU.ActiveCfg = Release|Any CPU
		{79894C45-F3A1-40B9-8B8B-2149AE7441BC}.Release|Any CPU.Build.0 = Release|Any CPU
		{F218577F-313C-492E-BA51-C37B8EA789E6}.Debug|Any CPU.ActiveCfg = Debug|Any CPU
		{F218577F-313C-492E-BA51-C37B8EA789E6}.Debug|Any CPU.Build.0 = Debug|Any CPU
		{F218577F-313C-492E-BA51-C37B8EA789E6}.Release|Any CPU.ActiveCfg = Release|Any CPU
		{F218577F-313C-492E-BA51-C37B8EA789E6}.Release|Any CPU.Build.0 = Release|Any CPU
	EndGlobalSection
	GlobalSection(SolutionProperties) = preSolution
		HideSolutionNode = FALSE
	EndGlobalSection
	GlobalSection(NestedProjects) = preSolution
		{67F732B4-3005-45DC-95BA-7EAABD57648E} = {03845A78-A6F8-4B1D-81AF-031E744DAD66}
		{2DBFEB19-7960-4F13-9BB1-01CA97999443} = {03845A78-A6F8-4B1D-81AF-031E744DAD66}
		{BDDD68C8-044D-48A6-983A-FEBEC99F8875} = {03845A78-A6F8-4B1D-81AF-031E744DAD66}
		{4B1F8867-730F-40FF-A33A-20BB8347F92A} = {03845A78-A6F8-4B1D-81AF-031E744DAD66}
		{03845A78-A6F8-4B1D-81AF-031E744DAD66} = {57CC09C1-AE23-481F-8D7C-B40BFE18B5D1}
		{A54C8372-6EBD-4869-9BDB-9ED8E515E75E} = {57CC09C1-AE23-481F-8D7C-B40BFE18B5D1}
		{C45D56EF-FD39-46A0-8BBC-A8B56AFDC7EF} = {A54C8372-6EBD-4869-9BDB-9ED8E515E75E}
		{9245F71D-30AE-4C54-AB32-145459A14672} = {A54C8372-6EBD-4869-9BDB-9ED8E515E75E}
		{C4C0E626-92B8-4363-A229-8D118849708D} = {A54C8372-6EBD-4869-9BDB-9ED8E515E75E}
		{8461583E-98E4-4C38-ABA1-A85B36C61932} = {A54C8372-6EBD-4869-9BDB-9ED8E515E75E}
		{C5A40184-8243-4035-BD0B-24E4A9457E47} = {57CC09C1-AE23-481F-8D7C-B40BFE18B5D1}
		{379CF72F-A918-4698-B23A-80F53B216F67} = {C5A40184-8243-4035-BD0B-24E4A9457E47}
		{4DB0A11A-C754-4247-9EC9-BF294A9E2529} = {C5A40184-8243-4035-BD0B-24E4A9457E47}
		{CD0692DB-26A2-463F-8254-60D8B94A8875} = {C5A40184-8243-4035-BD0B-24E4A9457E47}
		{4F6A9669-AA13-473D-BB25-1A5703FDFDA5} = {C5A40184-8243-4035-BD0B-24E4A9457E47}
		{9BD942CF-9FA9-4B2C-ACEA-8FF258E6A250} = {57CC09C1-AE23-481F-8D7C-B40BFE18B5D1}
		{F7E0F2BA-D346-43C4-94D5-9E4FD5F0D74E} = {9BD942CF-9FA9-4B2C-ACEA-8FF258E6A250}
		{716E4601-3791-4AB1-84C4-C5AD1C98B24D} = {9BD942CF-9FA9-4B2C-ACEA-8FF258E6A250}
		{76AD4945-00F1-4DBE-BC6C-CEF6414C7E28} = {9BD942CF-9FA9-4B2C-ACEA-8FF258E6A250}
		{3F07F35E-4980-442B-AE29-E56980DC1C58} = {9BD942CF-9FA9-4B2C-ACEA-8FF258E6A250}
		{B3A3C855-F37D-4AFE-9E9A-9F1FE43D6FE8} = {57CC09C1-AE23-481F-8D7C-B40BFE18B5D1}
		{3664AF2B-B877-4DA8-8E6C-785C6F8A3F76} = {B3A3C855-F37D-4AFE-9E9A-9F1FE43D6FE8}
		{EE7F286D-1E6B-46CA-8277-4420EE4C8F87} = {B3A3C855-F37D-4AFE-9E9A-9F1FE43D6FE8}
		{649D0EA3-30D9-4616-996D-10436DF8DE3A} = {B3A3C855-F37D-4AFE-9E9A-9F1FE43D6FE8}
		{F7FB93AE-E2E4-41EC-AC65-500591D3203A} = {B3A3C855-F37D-4AFE-9E9A-9F1FE43D6FE8}
		{79894C45-F3A1-40B9-8B8B-2149AE7441BC} = {8E225898-70A1-4178-BC70-2346C8422A30}
		{F218577F-313C-492E-BA51-C37B8EA789E6} = {01667DEB-4954-4E76-ADF3-F7C2D3716242}
	EndGlobalSection
	GlobalSection(ExtensibilityGlobals) = postSolution
		SolutionGuid = {E05DF467-70C1-4E2A-AB05-6A75DB3CEBA6}
	EndGlobalSection
EndGlobal
